schema: '2.0'
stages:
  train_all:
    cmd: python -m mlops.train_all_stocks --epochs 20 --batch-size 32 --days 730 --max-stocks
      61 --start-from None --clean-start
    deps:
    - path: mlops/config.py
      hash: md5
      md5: 8b4ba9b601ff48f30b79b7d75d1eec1e
      size: 2841
    - path: mlops/registry.py
      hash: md5
      md5: 41e876d2302c09969783388a92ba6625
      size: 14954
    - path: mlops/stocks.json
      hash: md5
      md5: 1fc030de99868c24ebcf543342567e87
      size: 819
    - path: mlops/train_all_stocks.py
      hash: md5
      md5: 598481cf0b43bdac875b135b77d237fd
      size: 7429
    - path: mlops/training_pipeline.py
      hash: md5
      md5: 41a88837b10e951a925f2d177063f663
      size: 20410
    - path: src/components/data_ingestion.py
      hash: md5
      md5: 48417105f1b27fdeb9d3caa5d8df4387
      size: 6450
    - path: src/components/data_transformation.py
      hash: md5
      md5: dba6422b05a990eef517a1109aff854e
      size: 1317
    - path: src/components/model_trainer.py
      hash: md5
      md5: ba9c9556f205e6679544c4c1c4ac821a
      size: 2146
    params:
      params.yaml:
        train.batch_size: 32
        train.days: 730
        train.epochs: 20
        train.max_stocks: 61
        train.start_from:
    outs:
    - path: mlops/metrics/all_stocks_metrics.json
      hash: md5
      md5: 203dc63d99140723122ae493b50be410
      size: 35057
    - path: mlops/metrics/summary.json
      hash: md5
      md5: 38c4fc38014a7dfe676ae6e2df2fd6a5
      size: 490
    - path: mlops/model_registry
      hash: md5
      md5: 4ff2f731401bc5e8cc5e574f21f7a297.dir
      size: 118135122
      nfiles: 62
    - path: mlruns
      hash: md5
      md5: 4397eb70152e8173bc2d5a9fb4549696.dir
      size: 247725355
      nfiles: 4478
